
Microsoft Visual Studio Solution File, Format Version 12.00
# Visual Studio Version 17
VisualStudioVersion = 17.10.34928.147
MinimumVisualStudioVersion = 10.0.40219.1
Project("{FAE04EC0-301F-11D3-BF4B-00C04F79EFBC}") = "WebApplication1", "WebApplication1.csproj", "{F2661C61-96F5-4A08-99C7-C4FFEDF653A1}"
EndProject
Global
	GlobalSection(SolutionConfigurationPlatforms) = preSolution
		Debug|Any CPU = Debug|Any CPU
		Release|Any CPU = Release|Any CPU
	EndGlobalSection
	GlobalSection(ProjectConfigurationPlatforms) = postSolution
		{F2661C61-96F5-4A08-99C7-C4FFEDF653A1}.Debug|Any CPU.ActiveCfg = Debug|Any CPU
		{F2661C61-96F5-4A08-99C7-C4FFEDF653A1}.Debug|Any CPU.Build.0 = Debug|Any CPU
		{F2661C61-96F5-4A08-99C7-C4FFEDF653A1}.Release|Any CPU.ActiveCfg = Release|Any CPU
		{F2661C61-96F5-4A08-99C7-C4FFEDF653A1}.Release|Any CPU.Build.0 = Release|Any CPU
	EndGlobalSection
	GlobalSection(SolutionProperties) = preSolution
		HideSolutionNode = FALSE
	EndGlobalSection
	GlobalSection(ExtensibilityGlobals) = postSolution
		SolutionGuid = {9C69B19C-78A4-45B5-9DC8-C64A60856DB9}
	EndGlobalSection
EndGlobal
