
Microsoft Visual Studio Solution File, Format Version 12.00
# Visual Studio Version 17
VisualStudioVersion = 17.10.34928.147
MinimumVisualStudioVersion = 10.0.40219.1
Project("{FAE04EC0-301F-11D3-BF4B-00C04F79EFBC}") = "asp.net_02_Core.cs", "asp.net_02_Core.cs.csproj", "{17110524-0E1A-461C-8F44-68576AFC071C}"
EndProject
Global
	GlobalSection(SolutionConfigurationPlatforms) = preSolution
		Debug|Any CPU = Debug|Any CPU
		Release|Any CPU = Release|Any CPU
	EndGlobalSection
	GlobalSection(ProjectConfigurationPlatforms) = postSolution
		{17110524-0E1A-461C-8F44-68576AFC071C}.Debug|Any CPU.ActiveCfg = Debug|Any CPU
		{17110524-0E1A-461C-8F44-68576AFC071C}.Debug|Any CPU.Build.0 = Debug|Any CPU
		{17110524-0E1A-461C-8F44-68576AFC071C}.Release|Any CPU.ActiveCfg = Release|Any CPU
		{17110524-0E1A-461C-8F44-68576AFC071C}.Release|Any CPU.Build.0 = Release|Any CPU
	EndGlobalSection
	GlobalSection(SolutionProperties) = preSolution
		HideSolutionNode = FALSE
	EndGlobalSection
	GlobalSection(ExtensibilityGlobals) = postSolution
		SolutionGuid = {3CAB9BCD-A9D9-4B4F-BBE4-ABB9AF2A87DE}
	EndGlobalSection
EndGlobal
