
Microsoft Visual Studio Solution File, Format Version 12.00
# Visual Studio Version 17
VisualStudioVersion = 17.10.34928.147
MinimumVisualStudioVersion = 10.0.40219.1
Project("{9A19103F-16F7-4668-BE54-9A1E7A4F7556}") = "Movies_razor", "Movies_razor.csproj", "{9414D170-D7A9-47F5-ABD6-3376D33EB88E}"
EndProject
Global
	GlobalSection(SolutionConfigurationPlatforms) = preSolution
		Debug|Any CPU = Debug|Any CPU
		Release|Any CPU = Release|Any CPU
	EndGlobalSection
	GlobalSection(ProjectConfigurationPlatforms) = postSolution
		{9414D170-D7A9-47F5-ABD6-3376D33EB88E}.Debug|Any CPU.ActiveCfg = Debug|Any CPU
		{9414D170-D7A9-47F5-ABD6-3376D33EB88E}.Debug|Any CPU.Build.0 = Debug|Any CPU
		{9414D170-D7A9-47F5-ABD6-3376D33EB88E}.Release|Any CPU.ActiveCfg = Release|Any CPU
		{9414D170-D7A9-47F5-ABD6-3376D33EB88E}.Release|Any CPU.Build.0 = Release|Any CPU
	EndGlobalSection
	GlobalSection(SolutionProperties) = preSolution
		HideSolutionNode = FALSE
	EndGlobalSection
	GlobalSection(ExtensibilityGlobals) = postSolution
		SolutionGuid = {6C1ECE2E-5F7D-4AE9-95B3-160929350644}
	EndGlobalSection
EndGlobal
